{
  "version": "5",
  "specifiers": {
    "jsr:@std/fs@^1.0.9": "1.0.9",
    "jsr:@std/path@*": "1.0.8",
    "jsr:@std/path@^1.0.8": "1.0.8",
    "npm:text-case@^1.2.4": "1.2.4",
    "npm:viem@^2.23.5": "2.23.5_ws@8.18.0"
  },
  "jsr": {
    "@std/fs@1.0.9": {
      "integrity": "3eef7e3ed3d317b29432c7dcb3b20122820dbc574263f721cb0248ad91bad890",
      "dependencies": [
        "jsr:@std/path@^1.0.8"
      ]
    },
    "@std/path@1.0.8": {
      "integrity": "548fa456bb6a04d3c1a1e7477986b6cffbce95102d0bb447c67c4ee70e0364be"
    }
  },
  "npm": {
    "@adraffy/ens-normalize@1.11.0": {
      "integrity": "sha512-/3DDPKHqqIqxUULp8yP4zODUY1i+2xvVWsv8A79xGWdCAG+8sb0hRh0Rk2QyOJUnnbyPUAZYcpBuRe3nS2OIUg=="
    },
    "@noble/curves@1.8.1": {
      "integrity": "sha512-warwspo+UYUPep0Q+vtdVB4Ugn8GGQj8iyB3gnRWsztmUHTI3S1nhdiWNsPUGL0vud7JlRRk1XEu7Lq1KGTnMQ==",
      "dependencies": [
        "@noble/hashes"
      ]
    },
    "@noble/hashes@1.7.1": {
      "integrity": "sha512-B8XBPsn4vT/KJAGqDzbwztd+6Yte3P4V7iafm24bxgDe/mlRuK6xmWPuCNrKt2vDafZ8MfJLlchDG/vYafQEjQ=="
    },
    "@scure/base@1.2.4": {
      "integrity": "sha512-5Yy9czTO47mqz+/J8GM6GIId4umdCk1wc1q8rKERQulIoc8VP9pzDcghv10Tl2E7R96ZUx/PhND3ESYUQX8NuQ=="
    },
    "@scure/bip32@1.6.2": {
      "integrity": "sha512-t96EPDMbtGgtb7onKKqxRLfE5g05k7uHnHRM2xdE6BP/ZmxaLtPek4J4KfVn/90IQNrU1IOAqMgiDtUdtbe3nw==",
      "dependencies": [
        "@noble/curves",
        "@noble/hashes",
        "@scure/base"
      ]
    },
    "@scure/bip39@1.5.4": {
      "integrity": "sha512-TFM4ni0vKvCfBpohoh+/lY05i9gRbSwXWngAsF4CABQxoaOHijxuaZ2R6cStDQ5CHtHO9aGJTr4ksVJASRRyMA==",
      "dependencies": [
        "@noble/hashes",
        "@scure/base"
      ]
    },
    "abitype@1.0.8": {
      "integrity": "sha512-ZeiI6h3GnW06uYDLx0etQtX/p8E24UaHHBj57RSjK7YBFe7iuVn07EDpOeP451D06sF27VOz9JJPlIKJmXgkEg=="
    },
    "eventemitter3@5.0.1": {
      "integrity": "sha512-GWkBvjiSZK87ELrYOSESUYeVIc9mvLLf/nXalMOS5dYrgZq9o5OVkbZAVM06CVxYsCwH9BDZFPlQTlPA1j4ahA=="
    },
    "isows@1.0.6_ws@8.18.0": {
      "integrity": "sha512-lPHCayd40oW98/I0uvgaHKWCSvkzY27LjWLbtzOm64yQ+G3Q5npjjbdppU65iZXkK1Zt+kH9pfegli0AYfwYYw==",
      "dependencies": [
        "ws"
      ]
    },
    "ox@0.6.7": {
      "integrity": "sha512-17Gk/eFsFRAZ80p5eKqv89a57uXjd3NgIf1CaXojATPBuujVc/fQSVhBeAU9JCRB+k7J50WQAyWTxK19T9GgbA==",
      "dependencies": [
        "@adraffy/ens-normalize",
        "@noble/curves",
        "@noble/hashes",
        "@scure/bip32",
        "@scure/bip39",
        "abitype",
        "eventemitter3"
      ]
    },
    "text-camel-case@1.2.4": {
      "integrity": "sha512-D3NrNDrXX9eNngw2g1aWKh+ai/wzmnU1s2jBi/5aFJMpif2johXX76pfK3e8DaQGEPcOsDsXXt11ts9De+TjXw==",
      "dependencies": [
        "text-pascal-case"
      ]
    },
    "text-capital-case@1.2.4": {
      "integrity": "sha512-pWqRqoAKIjARiJcQ2SDMhySWQ9ObcI2UfCVt0IRVr1vy+PwS9JkR8L7BdKLGEd7IF8AAR9qLvdlQIdDaN7GiQQ==",
      "dependencies": [
        "text-no-case",
        "text-upper-case-first"
      ]
    },
    "text-case@1.2.4": {
      "integrity": "sha512-ESwvqsWsua549qIFOXSB1M/FSo1qDxx5MuKtbyQOzwaKFLbjFWOqmOdZfzumsCbBR8qphGFsjwQ8xwv8aGUZbw==",
      "dependencies": [
        "text-camel-case",
        "text-capital-case",
        "text-constant-case",
        "text-dot-case",
        "text-header-case",
        "text-is-lower-case",
        "text-is-upper-case",
        "text-lower-case",
        "text-lower-case-first",
        "text-no-case",
        "text-param-case",
        "text-pascal-case",
        "text-path-case",
        "text-sentence-case",
        "text-snake-case",
        "text-swap-case",
        "text-title-case",
        "text-upper-case",
        "text-upper-case-first"
      ]
    },
    "text-constant-case@1.2.4": {
      "integrity": "sha512-EjFEDNKfkd5AN2DOJ+lkCcU72s3qScsM8iIiaR/d8DdMW0lIpMLGwIZcBVmvDWEosjoJD3Y/FECWTZqnwyUuOQ==",
      "dependencies": [
        "text-no-case",
        "text-upper-case"
      ]
    },
    "text-dot-case@1.2.4": {
      "integrity": "sha512-ThshqZ5EGX6RQPJLT9g3I7Lnvo6CoAbHrbKykwpepvTBTkiGe6v+mKwkF/fYLpNxsZ2VXdepnHsChSQp/vYBkg==",
      "dependencies": [
        "text-no-case"
      ]
    },
    "text-header-case@1.2.4": {
      "integrity": "sha512-eFIsIvGsbBMbdz6J5oTtV+iD1BbEV2cQYyezO/y4KKu2dYg+xZAh27aCq69SJ1+7LtSDzmU81AS1ykTDT6j4ww==",
      "dependencies": [
        "text-capital-case"
      ]
    },
    "text-is-lower-case@1.2.4": {
      "integrity": "sha512-S9lzKJO2apfVcYUkMsesjVYZOyL8SrJ40R3IDi8aQtSbiaNZ8LaxVxLCelSWmAkXKh2uZOktZOY/DjMchigOIQ=="
    },
    "text-is-upper-case@1.2.4": {
      "integrity": "sha512-bBfPYnfS1SEfxu/emUoPSXw7dtnsJGfJc6JoRb3x8yy3ROBSdj09n1EXY3a2PhuigAGbhf56BBeSrQMtBrpaNQ=="
    },
    "text-lower-case-first@1.2.4": {
      "integrity": "sha512-3nuJelBFCEbpjAbEaqgNXLE5K446IyitlQR+8oX5ClUlSw5YS4CTeE3rPLFnxxhpUjRtogJt9J6iq4WNjXU9zQ=="
    },
    "text-lower-case@1.2.4": {
      "integrity": "sha512-Q7HuNqwBeMvZLrh3zCjs1agalWPVdhWvpvegBRrOWKUsMON46ox6TInZd9tvQbPMIvsUSh2fxO77e+egql4pvw=="
    },
    "text-no-case@1.2.4": {
      "integrity": "sha512-XgegE+tVU024oyk5ACML8ucHioXjf1fS/tiEcQH6AGHkkWaqxq/7fTHT1kmSFwcp8J57wK1CCYfi4sUvZIXHtQ==",
      "dependencies": [
        "text-lower-case"
      ]
    },
    "text-param-case@1.2.4": {
      "integrity": "sha512-kLojOiVCwIGZh2G5dv8T18eLzXKCLX7ukI4u4wiyA4j6c9hVfjV6xMPJgUPYLWilaLZRqXYpAcfjgDKQCZtJfg==",
      "dependencies": [
        "text-dot-case"
      ]
    },
    "text-pascal-case@1.2.4": {
      "integrity": "sha512-Xt7bldDcfXp6QVgrDD+oKqN4CEjqxjq47kf/wIXyETjuJrciFWIQEIFdvH6yL5XdMVi3MunQGiilSzJ7vQX2jQ==",
      "dependencies": [
        "text-no-case"
      ]
    },
    "text-path-case@1.2.4": {
      "integrity": "sha512-jXWMucVQlOl39qlf6vIZDDjWMLzdNoQ+Fa3s4x8whqC/UwFDw6Pu4HyhrTRggPYMNe6l5p3v0bLYjERd2Xonug==",
      "dependencies": [
        "text-dot-case"
      ]
    },
    "text-sentence-case@1.2.4": {
      "integrity": "sha512-rEIf8n6O4SL1Kk0tEzlXK9eZnnF1KybCvOwLJyJfCo3OwJ4CGEUDgIDDUyK5SnRvtWV9UzqPE+Dfi0+sDBEHtg==",
      "dependencies": [
        "text-no-case",
        "text-upper-case-first"
      ]
    },
    "text-snake-case@1.2.4": {
      "integrity": "sha512-RK+Nqbg9uT+WA0kh7tUSq7MQC6fpm0lRrZsD3zCmz2pybD4QiWMsHNFy0RtnVPGVnrqvJ8ZITD+RbswsS0Zsdw==",
      "dependencies": [
        "text-dot-case"
      ]
    },
    "text-swap-case@1.2.4": {
      "integrity": "sha512-N/5zdNnmYcU21kYdLi+X7GsKLrsdZp+1u+mExAaJoWGvZKbvxGC92tp7D1L8E2jVFrIm1qS1qmpKHy2acJr8qA=="
    },
    "text-title-case@1.2.4": {
      "integrity": "sha512-8Ce7gzPzFzrXFp2M5b6uzix9bb20TjWEak8vnxPf7i2wy4LLO5gdHbyrQHJrkrUnvb3dzocnbIZyGTU+Cy3a6w==",
      "dependencies": [
        "text-no-case",
        "text-upper-case-first"
      ]
    },
    "text-upper-case-first@1.2.4": {
      "integrity": "sha512-TveJzwU7gyDmJ2p0rYx0dGlkT+45c1p8zsWTCBEikR1Klo5Cb4qABhlz9gA8CA4Y9Z9yqYTiIB9WjA8Ap2K05g=="
    },
    "text-upper-case@1.2.4": {
      "integrity": "sha512-y4cCoj6CGHWjszb4WuRt4uQjqHDCcUfJff4gKsrI13OZ8rzu0YtfUMOpV9Lizv5IYu00Kv2gbXGcMr04aDjxqA=="
    },
    "viem@2.23.5_ws@8.18.0": {
      "integrity": "sha512-cUfBHdFQHmBlPW0loFXda0uZcoU+uJw3NRYQRwYgkrpH6PgovH8iuVqDn6t1jZk82zny4wQL54c9dCX2W9kLMg==",
      "dependencies": [
        "@noble/curves",
        "@noble/hashes",
        "@scure/bip32",
        "@scure/bip39",
        "abitype",
        "isows",
        "ox",
        "ws"
      ]
    },
    "ws@8.18.0": {
      "integrity": "sha512-8VbfWfHLbbwu3+N6OKsOMpBdT4kXPDDB9cJk2bJ6mh9ucxdlnNvH1e+roYkKmN9Nxw2yjz7VzeO9oOz2zJ04Pw=="
    }
  },
  "workspace": {
    "dependencies": [
      "jsr:@std/fs@^1.0.9",
      "jsr:@std/path@^1.0.8"
    ],
    "packageJson": {
      "dependencies": [
        "npm:text-case@^1.2.4",
        "npm:viem@^2.23.5"
      ]
    }
  }
}
